
Microsoft Visual Studio Solution File, Format Version 12.00
# Visual Studio 15
VisualStudioVersion = 15.0.27428.2027
MinimumVisualStudioVersion = 10.0.40219.1
Project("{FAE04EC0-301F-11D3-BF4B-00C04F79EFBC}") = "AUI.WebVodPlayer", "AUI.WebVodPlayer\AUI.WebVodPlayer.csproj", "{7497AEEF-B8E4-4483-9676-0FE45C36E020}"
EndProject
Project("{FAE04EC0-301F-11D3-BF4B-00C04F79EFBC}") = "DatabaseAccess", "DatabaseAccess\DatabaseAccess.csproj", "{623E8E69-1219-460D-8AD5-0CC352FE423A}"
EndProject
Project("{FAE04EC0-301F-11D3-BF4B-00C04F79EFBC}") = "AUI.Helpers", "AUI.Helpers\AUI.Helpers.csproj", "{71DCF56E-502A-47FB-92C1-7B1176E7CCAB}"
EndProject
Global
	GlobalSection(SolutionConfigurationPlatforms) = preSolution
		Debug|Any CPU = Debug|Any CPU
		Release|Any CPU = Release|Any CPU
	EndGlobalSection
	GlobalSection(ProjectConfigurationPlatforms) = postSolution
		{7497AEEF-B8E4-4483-9676-0FE45C36E020}.Debug|Any CPU.ActiveCfg = Debug|Any CPU
		{7497AEEF-B8E4-4483-9676-0FE45C36E020}.Debug|Any CPU.Build.0 = Debug|Any CPU
		{7497AEEF-B8E4-4483-9676-0FE45C36E020}.Release|Any CPU.ActiveCfg = Release|Any CPU
		{7497AEEF-B8E4-4483-9676-0FE45C36E020}.Release|Any CPU.Build.0 = Release|Any CPU
		{623E8E69-1219-460D-8AD5-0CC352FE423A}.Debug|Any CPU.ActiveCfg = Debug|Any CPU
		{623E8E69-1219-460D-8AD5-0CC352FE423A}.Debug|Any CPU.Build.0 = Debug|Any CPU
		{623E8E69-1219-460D-8AD5-0CC352FE423A}.Release|Any CPU.ActiveCfg = Release|Any CPU
		{623E8E69-1219-460D-8AD5-0CC352FE423A}.Release|Any CPU.Build.0 = Release|Any CPU
		{71DCF56E-502A-47FB-92C1-7B1176E7CCAB}.Debug|Any CPU.ActiveCfg = Debug|Any CPU
		{71DCF56E-502A-47FB-92C1-7B1176E7CCAB}.Debug|Any CPU.Build.0 = Debug|Any CPU
		{71DCF56E-502A-47FB-92C1-7B1176E7CCAB}.Release|Any CPU.ActiveCfg = Release|Any CPU
		{71DCF56E-502A-47FB-92C1-7B1176E7CCAB}.Release|Any CPU.Build.0 = Release|Any CPU
	EndGlobalSection
	GlobalSection(SolutionProperties) = preSolution
		HideSolutionNode = FALSE
	EndGlobalSection
	GlobalSection(ExtensibilityGlobals) = postSolution
		SolutionGuid = {E55E0F1A-AB29-4161-9736-72F48EAD574C}
	EndGlobalSection
EndGlobal
